
Microsoft Visual Studio Solution File, Format Version 12.00
# Visual Studio Version 16
VisualStudioVersion = 16.0.30804.86
MinimumVisualStudioVersion = 10.0.40219.1
Project("{FAE04EC0-301F-11D3-BF4B-00C04F79EFBC}") = "Lab", "Lab.csproj", "{2642BAE3-0B69-4745-89BC-884EA49EA0A4}"
EndProject
Global
	GlobalSection(SolutionConfigurationPlatforms) = preSolution
		Debug|Any CPU = Debug|Any CPU
		Release|Any CPU = Release|Any CPU
	EndGlobalSection
	GlobalSection(ProjectConfigurationPlatforms) = postSolution
		{2642BAE3-0B69-4745-89BC-884EA49EA0A4}.Debug|Any CPU.ActiveCfg = Debug|Any CPU
		{2642BAE3-0B69-4745-89BC-884EA49EA0A4}.Debug|Any CPU.Build.0 = Debug|Any CPU
		{2642BAE3-0B69-4745-89BC-884EA49EA0A4}.Release|Any CPU.ActiveCfg = Release|Any CPU
		{2642BAE3-0B69-4745-89BC-884EA49EA0A4}.Release|Any CPU.Build.0 = Release|Any CPU
	EndGlobalSection
	GlobalSection(SolutionProperties) = preSolution
		HideSolutionNode = FALSE
	EndGlobalSection
	GlobalSection(ExtensibilityGlobals) = postSolution
		SolutionGuid = {591E9BF6-0080-434C-8A6E-BCBA064036A7}
	EndGlobalSection
EndGlobal
