
Microsoft Visual Studio Solution File, Format Version 12.00
# Visual Studio Version 16
VisualStudioVersion = 16.0.30804.86
MinimumVisualStudioVersion = 10.0.40219.1
Project("{FAE04EC0-301F-11D3-BF4B-00C04F79EFBC}") = "Lab", "Lab.csproj", "{1ECF90DC-C3CC-4551-929A-3B7B46A9372D}"
EndProject
Global
	GlobalSection(SolutionConfigurationPlatforms) = preSolution
		Debug|Any CPU = Debug|Any CPU
		Release|Any CPU = Release|Any CPU
	EndGlobalSection
	GlobalSection(ProjectConfigurationPlatforms) = postSolution
		{1ECF90DC-C3CC-4551-929A-3B7B46A9372D}.Debug|Any CPU.ActiveCfg = Debug|Any CPU
		{1ECF90DC-C3CC-4551-929A-3B7B46A9372D}.Debug|Any CPU.Build.0 = Debug|Any CPU
		{1ECF90DC-C3CC-4551-929A-3B7B46A9372D}.Release|Any CPU.ActiveCfg = Release|Any CPU
		{1ECF90DC-C3CC-4551-929A-3B7B46A9372D}.Release|Any CPU.Build.0 = Release|Any CPU
	EndGlobalSection
	GlobalSection(SolutionProperties) = preSolution
		HideSolutionNode = FALSE
	EndGlobalSection
	GlobalSection(ExtensibilityGlobals) = postSolution
		SolutionGuid = {76CD46F4-4914-4D57-A730-756C2C6D6B78}
	EndGlobalSection
EndGlobal
