
Microsoft Visual Studio Solution File, Format Version 12.00
# Visual Studio Version 16
VisualStudioVersion = 16.0.30804.86
MinimumVisualStudioVersion = 10.0.40219.1
Project("{FAE04EC0-301F-11D3-BF4B-00C04F79EFBC}") = "Lab", "Lab.csproj", "{A08F07F7-26A8-4F39-8227-29DDB06BFF8E}"
EndProject
Global
	GlobalSection(SolutionConfigurationPlatforms) = preSolution
		Debug|Any CPU = Debug|Any CPU
		Release|Any CPU = Release|Any CPU
	EndGlobalSection
	GlobalSection(ProjectConfigurationPlatforms) = postSolution
		{A08F07F7-26A8-4F39-8227-29DDB06BFF8E}.Debug|Any CPU.ActiveCfg = Debug|Any CPU
		{A08F07F7-26A8-4F39-8227-29DDB06BFF8E}.Debug|Any CPU.Build.0 = Debug|Any CPU
		{A08F07F7-26A8-4F39-8227-29DDB06BFF8E}.Release|Any CPU.ActiveCfg = Release|Any CPU
		{A08F07F7-26A8-4F39-8227-29DDB06BFF8E}.Release|Any CPU.Build.0 = Release|Any CPU
	EndGlobalSection
	GlobalSection(SolutionProperties) = preSolution
		HideSolutionNode = FALSE
	EndGlobalSection
	GlobalSection(ExtensibilityGlobals) = postSolution
		SolutionGuid = {4E504B81-0742-40B2-A20B-29118A268B9F}
	EndGlobalSection
EndGlobal
