
Microsoft Visual Studio Solution File, Format Version 12.00
# Visual Studio Version 16
VisualStudioVersion = 16.0.30503.244
MinimumVisualStudioVersion = 10.0.40219.1
Project("{9A19103F-16F7-4668-BE54-9A1E7A4F7556}") = "01.Microsystem", "01.Microsystem\01.Microsystem.csproj", "{01A1E95A-717F-4A8B-A14C-DF993A5D12B2}"
EndProject
Project("{9A19103F-16F7-4668-BE54-9A1E7A4F7556}") = "01.Microsystem.Tests", "01.Microsystem.Tests\01.Microsystem.Tests.csproj", "{DB21C9D6-3983-4EC4-80DC-17443165E52E}"
EndProject
Global
	GlobalSection(SolutionConfigurationPlatforms) = preSolution
		Debug|Any CPU = Debug|Any CPU
		Release|Any CPU = Release|Any CPU
	EndGlobalSection
	GlobalSection(ProjectConfigurationPlatforms) = postSolution
		{01A1E95A-717F-4A8B-A14C-DF993A5D12B2}.Debug|Any CPU.ActiveCfg = Debug|Any CPU
		{01A1E95A-717F-4A8B-A14C-DF993A5D12B2}.Debug|Any CPU.Build.0 = Debug|Any CPU
		{01A1E95A-717F-4A8B-A14C-DF993A5D12B2}.Release|Any CPU.ActiveCfg = Release|Any CPU
		{01A1E95A-717F-4A8B-A14C-DF993A5D12B2}.Release|Any CPU.Build.0 = Release|Any CPU
		{DB21C9D6-3983-4EC4-80DC-17443165E52E}.Debug|Any CPU.ActiveCfg = Debug|Any CPU
		{DB21C9D6-3983-4EC4-80DC-17443165E52E}.Debug|Any CPU.Build.0 = Debug|Any CPU
		{DB21C9D6-3983-4EC4-80DC-17443165E52E}.Release|Any CPU.ActiveCfg = Release|Any CPU
		{DB21C9D6-3983-4EC4-80DC-17443165E52E}.Release|Any CPU.Build.0 = Release|Any CPU
	EndGlobalSection
	GlobalSection(SolutionProperties) = preSolution
		HideSolutionNode = FALSE
	EndGlobalSection
	GlobalSection(ExtensibilityGlobals) = postSolution
		SolutionGuid = {B7ABEC69-B71B-40A2-9B31-CFE80704A165}
	EndGlobalSection
EndGlobal
